
Microsoft Visual Studio Solution File, Format Version 12.00
# Visual Studio Version 16
VisualStudioVersion = 16.0.32106.194
MinimumVisualStudioVersion = 10.0.40219.1
Project("{2150E333-8FDC-42A3-9474-1A3956D46DE8}") = "Services", "Services", "{537831CD-5AC4-4F32-BE65-1B825FF34529}"
EndProject
Project("{2150E333-8FDC-42A3-9474-1A3956D46DE8}") = "Catalog", "Catalog", "{1E3D9ADB-D96E-427C-9E36-F9D15E2ABF7F}"
EndProject
Project("{9A19103F-16F7-4668-BE54-9A1E7A4F7556}") = "Catalog.API", "Services\Catalog\Catalog.API\Catalog.API.csproj", "{40DAAC3D-ED3F-4ADD-AD1C-5AFD51915EE2}"
EndProject
Project("{E53339B2-1760-4266-BCC7-CA923CBCF16C}") = "docker-compose", "docker-compose.dcproj", "{15D7A741-0879-4803-9EEC-285BBD2BD6E8}"
EndProject
Project("{2150E333-8FDC-42A3-9474-1A3956D46DE8}") = "Basket", "Basket", "{50439763-097B-4BCB-B2CD-D47BA130134E}"
EndProject
Project("{9A19103F-16F7-4668-BE54-9A1E7A4F7556}") = "Basket.API", "Services\Basket\Basket.API\Basket.API.csproj", "{D3C5858F-32FD-4A4D-8F8F-40F50D588BA4}"
EndProject
Project("{9A19103F-16F7-4668-BE54-9A1E7A4F7556}") = "Discount.API", "Services\Discount\Discount.API\Discount.API.csproj", "{B583C550-9FCB-4F54-A0B1-0BB679A049E0}"
EndProject
Project("{2150E333-8FDC-42A3-9474-1A3956D46DE8}") = "Discount", "Discount", "{49603634-E5DC-4AF1-BEF5-55FEFBF26384}"
EndProject
Project("{9A19103F-16F7-4668-BE54-9A1E7A4F7556}") = "Discount.Grpc", "Services\Discount\Discount.Grpc\Discount.Grpc.csproj", "{9B38AE90-4469-4C92-82B9-B56DD789DEE0}"
EndProject
Project("{2150E333-8FDC-42A3-9474-1A3956D46DE8}") = "Ordering", "Ordering", "{E0672BF9-690A-45B2-9D3D-4AB426237A01}"
EndProject
Project("{FAE04EC0-301F-11D3-BF4B-00C04F79EFBC}") = "Ordering.API", "Services\Ordering\Ordering.API\Ordering.API.csproj", "{81645E72-DE09-462E-9D63-AF8B88844DDB}"
EndProject
Project("{FAE04EC0-301F-11D3-BF4B-00C04F79EFBC}") = "Ordering.Domain", "Services\Ordering\Ordering.Domain\Ordering.Domain.csproj", "{5E279BB1-0EC4-4F05-A963-CF4FFFA70B2D}"
EndProject
Project("{FAE04EC0-301F-11D3-BF4B-00C04F79EFBC}") = "Ordering.Application", "Services\Ordering\Ordering.Application\Ordering.Application.csproj", "{7AFCE5F9-D563-4B3C-B3DA-0669075E8CF0}"
EndProject
Project("{FAE04EC0-301F-11D3-BF4B-00C04F79EFBC}") = "Ordering.Infrastructure", "Services\Ordering\Ordering.Infrastructure\Ordering.Infrastructure.csproj", "{72C06771-C7D1-431A-BFE4-74752A6BCAAC}"
EndProject
Global
	GlobalSection(SolutionConfigurationPlatforms) = preSolution
		Debug|Any CPU = Debug|Any CPU
		Release|Any CPU = Release|Any CPU
	EndGlobalSection
	GlobalSection(ProjectConfigurationPlatforms) = postSolution
		{40DAAC3D-ED3F-4ADD-AD1C-5AFD51915EE2}.Debug|Any CPU.ActiveCfg = Debug|Any CPU
		{40DAAC3D-ED3F-4ADD-AD1C-5AFD51915EE2}.Debug|Any CPU.Build.0 = Debug|Any CPU
		{40DAAC3D-ED3F-4ADD-AD1C-5AFD51915EE2}.Release|Any CPU.ActiveCfg = Release|Any CPU
		{40DAAC3D-ED3F-4ADD-AD1C-5AFD51915EE2}.Release|Any CPU.Build.0 = Release|Any CPU
		{15D7A741-0879-4803-9EEC-285BBD2BD6E8}.Debug|Any CPU.ActiveCfg = Debug|Any CPU
		{15D7A741-0879-4803-9EEC-285BBD2BD6E8}.Debug|Any CPU.Build.0 = Debug|Any CPU
		{15D7A741-0879-4803-9EEC-285BBD2BD6E8}.Release|Any CPU.ActiveCfg = Release|Any CPU
		{15D7A741-0879-4803-9EEC-285BBD2BD6E8}.Release|Any CPU.Build.0 = Release|Any CPU
		{D3C5858F-32FD-4A4D-8F8F-40F50D588BA4}.Debug|Any CPU.ActiveCfg = Debug|Any CPU
		{D3C5858F-32FD-4A4D-8F8F-40F50D588BA4}.Debug|Any CPU.Build.0 = Debug|Any CPU
		{D3C5858F-32FD-4A4D-8F8F-40F50D588BA4}.Release|Any CPU.ActiveCfg = Release|Any CPU
		{D3C5858F-32FD-4A4D-8F8F-40F50D588BA4}.Release|Any CPU.Build.0 = Release|Any CPU
		{B583C550-9FCB-4F54-A0B1-0BB679A049E0}.Debug|Any CPU.ActiveCfg = Debug|Any CPU
		{B583C550-9FCB-4F54-A0B1-0BB679A049E0}.Debug|Any CPU.Build.0 = Debug|Any CPU
		{B583C550-9FCB-4F54-A0B1-0BB679A049E0}.Release|Any CPU.ActiveCfg = Release|Any CPU
		{B583C550-9FCB-4F54-A0B1-0BB679A049E0}.Release|Any CPU.Build.0 = Release|Any CPU
		{9B38AE90-4469-4C92-82B9-B56DD789DEE0}.Debug|Any CPU.ActiveCfg = Debug|Any CPU
		{9B38AE90-4469-4C92-82B9-B56DD789DEE0}.Debug|Any CPU.Build.0 = Debug|Any CPU
		{9B38AE90-4469-4C92-82B9-B56DD789DEE0}.Release|Any CPU.ActiveCfg = Release|Any CPU
		{9B38AE90-4469-4C92-82B9-B56DD789DEE0}.Release|Any CPU.Build.0 = Release|Any CPU
		{81645E72-DE09-462E-9D63-AF8B88844DDB}.Debug|Any CPU.ActiveCfg = Debug|Any CPU
		{81645E72-DE09-462E-9D63-AF8B88844DDB}.Debug|Any CPU.Build.0 = Debug|Any CPU
		{81645E72-DE09-462E-9D63-AF8B88844DDB}.Release|Any CPU.ActiveCfg = Release|Any CPU
		{81645E72-DE09-462E-9D63-AF8B88844DDB}.Release|Any CPU.Build.0 = Release|Any CPU
		{5E279BB1-0EC4-4F05-A963-CF4FFFA70B2D}.Debug|Any CPU.ActiveCfg = Debug|Any CPU
		{5E279BB1-0EC4-4F05-A963-CF4FFFA70B2D}.Debug|Any CPU.Build.0 = Debug|Any CPU
		{5E279BB1-0EC4-4F05-A963-CF4FFFA70B2D}.Release|Any CPU.ActiveCfg = Release|Any CPU
		{5E279BB1-0EC4-4F05-A963-CF4FFFA70B2D}.Release|Any CPU.Build.0 = Release|Any CPU
		{7AFCE5F9-D563-4B3C-B3DA-0669075E8CF0}.Debug|Any CPU.ActiveCfg = Debug|Any CPU
		{7AFCE5F9-D563-4B3C-B3DA-0669075E8CF0}.Debug|Any CPU.Build.0 = Debug|Any CPU
		{7AFCE5F9-D563-4B3C-B3DA-0669075E8CF0}.Release|Any CPU.ActiveCfg = Release|Any CPU
		{7AFCE5F9-D563-4B3C-B3DA-0669075E8CF0}.Release|Any CPU.Build.0 = Release|Any CPU
		{72C06771-C7D1-431A-BFE4-74752A6BCAAC}.Debug|Any CPU.ActiveCfg = Debug|Any CPU
		{72C06771-C7D1-431A-BFE4-74752A6BCAAC}.Debug|Any CPU.Build.0 = Debug|Any CPU
		{72C06771-C7D1-431A-BFE4-74752A6BCAAC}.Release|Any CPU.ActiveCfg = Release|Any CPU
		{72C06771-C7D1-431A-BFE4-74752A6BCAAC}.Release|Any CPU.Build.0 = Release|Any CPU
	EndGlobalSection
	GlobalSection(SolutionProperties) = preSolution
		HideSolutionNode = FALSE
	EndGlobalSection
	GlobalSection(NestedProjects) = preSolution
		{1E3D9ADB-D96E-427C-9E36-F9D15E2ABF7F} = {537831CD-5AC4-4F32-BE65-1B825FF34529}
		{40DAAC3D-ED3F-4ADD-AD1C-5AFD51915EE2} = {1E3D9ADB-D96E-427C-9E36-F9D15E2ABF7F}
		{50439763-097B-4BCB-B2CD-D47BA130134E} = {537831CD-5AC4-4F32-BE65-1B825FF34529}
		{D3C5858F-32FD-4A4D-8F8F-40F50D588BA4} = {50439763-097B-4BCB-B2CD-D47BA130134E}
		{B583C550-9FCB-4F54-A0B1-0BB679A049E0} = {49603634-E5DC-4AF1-BEF5-55FEFBF26384}
		{49603634-E5DC-4AF1-BEF5-55FEFBF26384} = {537831CD-5AC4-4F32-BE65-1B825FF34529}
		{9B38AE90-4469-4C92-82B9-B56DD789DEE0} = {49603634-E5DC-4AF1-BEF5-55FEFBF26384}
		{E0672BF9-690A-45B2-9D3D-4AB426237A01} = {537831CD-5AC4-4F32-BE65-1B825FF34529}
		{81645E72-DE09-462E-9D63-AF8B88844DDB} = {E0672BF9-690A-45B2-9D3D-4AB426237A01}
		{5E279BB1-0EC4-4F05-A963-CF4FFFA70B2D} = {E0672BF9-690A-45B2-9D3D-4AB426237A01}
		{7AFCE5F9-D563-4B3C-B3DA-0669075E8CF0} = {E0672BF9-690A-45B2-9D3D-4AB426237A01}
		{72C06771-C7D1-431A-BFE4-74752A6BCAAC} = {E0672BF9-690A-45B2-9D3D-4AB426237A01}
	EndGlobalSection
	GlobalSection(ExtensibilityGlobals) = postSolution
		SolutionGuid = {B02D95C3-C8FC-4749-AFC5-CADB69387CA5}
	EndGlobalSection
EndGlobal
